
Microsoft Visual Studio Solution File, Format Version 12.00
# Visual Studio Version 17
VisualStudioVersion = 17.5.002.0
MinimumVisualStudioVersion = 10.0.40219.1
Project("{9A19103F-16F7-4668-BE54-9A1E7A4F7556}") = "MVC", "MVC.csproj", "{70C5FFE7-C623-4CCE-B3E3-820D8CD40232}"
EndProject
Global
	GlobalSection(SolutionConfigurationPlatforms) = preSolution
		Debug|Any CPU = Debug|Any CPU
		Release|Any CPU = Release|Any CPU
	EndGlobalSection
	GlobalSection(ProjectConfigurationPlatforms) = postSolution
		{70C5FFE7-C623-4CCE-B3E3-820D8CD40232}.Debug|Any CPU.ActiveCfg = Debug|Any CPU
		{70C5FFE7-C623-4CCE-B3E3-820D8CD40232}.Debug|Any CPU.Build.0 = Debug|Any CPU
		{70C5FFE7-C623-4CCE-B3E3-820D8CD40232}.Release|Any CPU.ActiveCfg = Release|Any CPU
		{70C5FFE7-C623-4CCE-B3E3-820D8CD40232}.Release|Any CPU.Build.0 = Release|Any CPU
	EndGlobalSection
	GlobalSection(SolutionProperties) = preSolution
		HideSolutionNode = FALSE
	EndGlobalSection
	GlobalSection(ExtensibilityGlobals) = postSolution
		SolutionGuid = {B9A697D3-229F-4C98-89C1-7078D83DEE40}
	EndGlobalSection
EndGlobal
